
Microsoft Visual Studio Solution File, Format Version 12.00
# Visual Studio Version 17
VisualStudioVersion = 17.5.33414.496
MinimumVisualStudioVersion = 10.0.40219.1
Project("{FAE04EC0-301F-11D3-BF4B-00C04F79EFBC}") = "Datos_Usuario", "Datos_Usuario\Datos_Usuario.csproj", "{FCC4A4F3-8D04-4F0F-A7CD-E732D2BA6C79}"
EndProject
Global
	GlobalSection(SolutionConfigurationPlatforms) = preSolution
		Debug|Any CPU = Debug|Any CPU
		Release|Any CPU = Release|Any CPU
	EndGlobalSection
	GlobalSection(ProjectConfigurationPlatforms) = postSolution
		{FCC4A4F3-8D04-4F0F-A7CD-E732D2BA6C79}.Debug|Any CPU.ActiveCfg = Debug|Any CPU
		{FCC4A4F3-8D04-4F0F-A7CD-E732D2BA6C79}.Debug|Any CPU.Build.0 = Debug|Any CPU
		{FCC4A4F3-8D04-4F0F-A7CD-E732D2BA6C79}.Release|Any CPU.ActiveCfg = Release|Any CPU
		{FCC4A4F3-8D04-4F0F-A7CD-E732D2BA6C79}.Release|Any CPU.Build.0 = Release|Any CPU
	EndGlobalSection
	GlobalSection(SolutionProperties) = preSolution
		HideSolutionNode = FALSE
	EndGlobalSection
	GlobalSection(ExtensibilityGlobals) = postSolution
		SolutionGuid = {ED64B546-276F-45F3-8C91-960B67605F26}
	EndGlobalSection
EndGlobal
